github.com/jerbob92/wazero-emscripten-embind v1.5.2 h1:8Wx86GjyMWXD3rWm6sVANX8aZH3qe9tqYgKxmg0+5zo=
github.com/jerbob92/wazero-emscripten-embind v1.5.2/go.mod h1:AZx9E2B88caoZF26oJmFfI7kh6oj5vFXPb72Dv8/xaU=
github.com/tetratelabs/wazero v1.9.0 h1:IcZ56OuxrtaEz8UYNRHBrUa9bYeX9oVY93KspZZBf/I=
github.com/tetratelabs/wazero v1.9.0/go.mod h1:TSbcXCfFP0L2FGkRPxHphadXPjo1T6W+CseNNY7EkjM=
github.com/xxnuo/gobergamot v0.2.2 h1:N7Gj8BQX0smhKSkb+rY0Kaqm2F5NaxD95pJFgQ8x4mc=
github.com/xxnuo/gobergamot v0.2.2/go.mod h1:5+T9L8OXyDkdQtFSED7+PMDZJiALNEFw7Nkzj6gkAMU=
go.yaml.in/yaml/v2 v2.4.2 h1:DzmwEr2rDGHl7lsFgAHxmNz/1NlQ7xLIrlN2h5d1eGI=
go.yaml.in/yaml/v2 v2.4.2/go.mod h1:081UH+NErpNdqlCXm3TtEran0rJZGxAYx9hb/ELlsPU=
golang.org/x/text v0.15.0 h1:h1V/4gjBv8v9cjcR6+AR5+/cIYK5N/WAgiv4xlsEtAk=
golang.org/x/text v0.15.0/go.mod h1:18ZOQIKpY8NJVqYksKHtTdi31H5itFRjB5/qKTNYzSU=
gopkg.in/check.v1 v0.0.0-20161208181325-20d25e280405/go.mod h1:Co6ibVJAznAaIkqp8huTwlJQCZ016jof/cbN4VW5Yz0=
sigs.k8s.io/yaml v1.6.0 h1:G8fkbMSAFqgEFgh4b1wmtzDnioxFCUgTZhlbj5P9QYs=
sigs.k8s.io/yaml v1.6.0/go.mod h1:796bPqUfzR/0jLAl6XjHl3Ck7MiyVv8dbTdyT3/pMf4=
